
Microsoft Visual Studio Solution File, Format Version 12.00
# Visual Studio Version 17
VisualStudioVersion = 17.8.34525.116
MinimumVisualStudioVersion = 10.0.40219.1
Project("{FAE04EC0-301F-11D3-BF4B-00C04F79EFBC}") = "ConsoleApp1", "ConsoleApp1\ConsoleApp1.csproj", "{A428171E-BA3C-4FDE-99ED-21F0189CBFAC}"
EndProject
Global
	GlobalSection(SolutionConfigurationPlatforms) = preSolution
		Debug|Any CPU = Debug|Any CPU
		Release|Any CPU = Release|Any CPU
	EndGlobalSection
	GlobalSection(ProjectConfigurationPlatforms) = postSolution
		{A428171E-BA3C-4FDE-99ED-21F0189CBFAC}.Debug|Any CPU.ActiveCfg = Debug|Any CPU
		{A428171E-BA3C-4FDE-99ED-21F0189CBFAC}.Debug|Any CPU.Build.0 = Debug|Any CPU
		{A428171E-BA3C-4FDE-99ED-21F0189CBFAC}.Release|Any CPU.ActiveCfg = Release|Any CPU
		{A428171E-BA3C-4FDE-99ED-21F0189CBFAC}.Release|Any CPU.Build.0 = Release|Any CPU
	EndGlobalSection
	GlobalSection(SolutionProperties) = preSolution
		HideSolutionNode = FALSE
	EndGlobalSection
	GlobalSection(ExtensibilityGlobals) = postSolution
		SolutionGuid = {346B1526-C4DA-4DCA-93D4-C81C67C2D82D}
	EndGlobalSection
EndGlobal
